
Microsoft Visual Studio Solution File, Format Version 12.00
# Visual Studio Version 17
VisualStudioVersion = 17.7.34031.279
MinimumVisualStudioVersion = 10.0.40219.1
Project("{FAE04EC0-301F-11D3-BF4B-00C04F79EFBC}") = "Image_Gallery_Proj", "Image_Gallery_Proj.csproj", "{8324711E-2CC2-4E52-852C-FF5CE5C67865}"
EndProject
Global
	GlobalSection(SolutionConfigurationPlatforms) = preSolution
		Debug|Any CPU = Debug|Any CPU
		Release|Any CPU = Release|Any CPU
	EndGlobalSection
	GlobalSection(ProjectConfigurationPlatforms) = postSolution
		{8324711E-2CC2-4E52-852C-FF5CE5C67865}.Debug|Any CPU.ActiveCfg = Debug|Any CPU
		{8324711E-2CC2-4E52-852C-FF5CE5C67865}.Debug|Any CPU.Build.0 = Debug|Any CPU
		{8324711E-2CC2-4E52-852C-FF5CE5C67865}.Release|Any CPU.ActiveCfg = Release|Any CPU
		{8324711E-2CC2-4E52-852C-FF5CE5C67865}.Release|Any CPU.Build.0 = Release|Any CPU
	EndGlobalSection
	GlobalSection(SolutionProperties) = preSolution
		HideSolutionNode = FALSE
	EndGlobalSection
	GlobalSection(ExtensibilityGlobals) = postSolution
		SolutionGuid = {BD80E001-EC47-4E37-9D02-700A52842681}
	EndGlobalSection
EndGlobal
